
Microsoft Visual Studio Solution File, Format Version 11.00
# Visual Studio 2010
Project("{FAE04EC0-301F-11D3-BF4B-00C04F79EFBC}") = "RetroSharp", "RetroSharp\RetroSharp.csproj", "{A50C100E-BA7B-40C8-A84E-EE399515EBBC}"
EndProject
Project("{2150E333-8FDC-42A3-9474-1A3956D46DE8}") = "Examples", "Examples", "{EA61755C-D301-4C59-B175-1B989CD55F00}"
EndProject
Project("{2150E333-8FDC-42A3-9474-1A3956D46DE8}") = "Tests", "Tests", "{17C54495-0E7A-4025-8AB5-FF4B321935A2}"
EndProject
Project("{FAE04EC0-301F-11D3-BF4B-00C04F79EFBC}") = "ConsoleApplication", "Tests\Test1\ConsoleApplication.csproj", "{D6A7D60D-200D-4ED2-9919-280B0C5126EF}"
EndProject
Project("{FAE04EC0-301F-11D3-BF4B-00C04F79EFBC}") = "GuessANumber", "Examples\Text and Strings\GuessANumber\GuessANumber.csproj", "{F932217B-C288-405F-B110-68B3B18224CB}"
EndProject
Project("{FAE04EC0-301F-11D3-BF4B-00C04F79EFBC}") = "HelloWorld", "Examples\Text and Strings\HelloWorld\HelloWorld.csproj", "{B14101CE-7AFB-4431-B69B-B724CAF1B0B8}"
EndProject
Project("{FAE04EC0-301F-11D3-BF4B-00C04F79EFBC}") = "BouncingCharacter1", "Examples\Screen Manipulation\BouncingCharacter1\BouncingCharacter1.csproj", "{3115F933-A20F-4B78-A043-CCF7F5DA1D5E}"
EndProject
Project("{FAE04EC0-301F-11D3-BF4B-00C04F79EFBC}") = "BouncingCharacter2", "Examples\Screen Manipulation\BouncingCharacter2\BouncingCharacter2.csproj", "{564316DC-1F41-43C3-BB83-6BB083C89812}"
EndProject
Project("{FAE04EC0-301F-11D3-BF4B-00C04F79EFBC}") = "BouncingCharacter3", "Examples\Screen Manipulation\BouncingCharacter3\BouncingCharacter3.csproj", "{3B9EECF4-AB5B-4ED9-A843-ED4E18D39F5C}"
EndProject
Project("{FAE04EC0-301F-11D3-BF4B-00C04F79EFBC}") = "BouncingCharacter4", "Examples\Screen Manipulation\BouncingCharacter4\BouncingCharacter4.csproj", "{431C98F4-7994-4E5B-9F93-765D6695FDBB}"
EndProject
Project("{FAE04EC0-301F-11D3-BF4B-00C04F79EFBC}") = "BouncingCharacter5", "Examples\Screen Manipulation\BouncingCharacter5\BouncingCharacter5.csproj", "{ABB8068B-C289-4DCE-B301-F91ECF1A833A}"
EndProject
Project("{2150E333-8FDC-42A3-9474-1A3956D46DE8}") = "Text and Strings", "Text and Strings", "{26085E3B-2D0B-4F16-8E4C-B012BFE3FCA7}"
EndProject
Project("{2150E333-8FDC-42A3-9474-1A3956D46DE8}") = "Text Screen Manipulation", "Text Screen Manipulation", "{17792373-7BC5-49D8-9C3B-01E1CD14B344}"
EndProject
Project("{2150E333-8FDC-42A3-9474-1A3956D46DE8}") = "Bitmapped Graphics", "Bitmapped Graphics", "{74E86C34-4EE3-4FF7-9CDE-991EE1AB07F0}"
EndProject
Project("{2150E333-8FDC-42A3-9474-1A3956D46DE8}") = "Tiled Graphics", "Tiled Graphics", "{D218A746-9976-40F2-86FD-B88E1E358A70}"
EndProject
Project("{2150E333-8FDC-42A3-9474-1A3956D46DE8}") = "3D Graphics", "3D Graphics", "{5171F913-B399-4F7E-91D0-57A993E00C3E}"
EndProject
Project("{2150E333-8FDC-42A3-9474-1A3956D46DE8}") = "Control Input", "Control Input", "{582994ED-E6DC-4B15-9F31-6432B6E38338}"
EndProject
Project("{2150E333-8FDC-42A3-9474-1A3956D46DE8}") = "Music and Sound Effects", "Music and Sound Effects", "{453A8D30-1233-4E5D-8D01-715FD29CBE1E}"
EndProject
Project("{2150E333-8FDC-42A3-9474-1A3956D46DE8}") = "Object Oriented Programming", "Object Oriented Programming", "{8BDA86EA-9A15-4A5C-8411-8344F53A372D}"
EndProject
Project("{2150E333-8FDC-42A3-9474-1A3956D46DE8}") = "Recursion", "Recursion", "{B063FBC2-0E62-440A-9DEE-9624C0C93AD5}"
EndProject
Project("{2150E333-8FDC-42A3-9474-1A3956D46DE8}") = "Arithmetics", "Arithmetics", "{A00B2835-69BC-485F-B0EA-8177884866AF}"
EndProject
Project("{FAE04EC0-301F-11D3-BF4B-00C04F79EFBC}") = "SimpleArithmetics", "Examples\Arithmetics\SimpleArithmetics\SimpleArithmetics.csproj", "{F770B31B-B0EB-4E70-9D7D-33E6D78C5BD8}"
EndProject
Project("{FAE04EC0-301F-11D3-BF4B-00C04F79EFBC}") = "CreateLabyrinth", "Examples\Screen Manipulation\CreateLabyrinth\CreateLabyrinth.csproj", "{71FEC95A-A400-461F-A371-081F64E1A85D}"
EndProject
Project("{FAE04EC0-301F-11D3-BF4B-00C04F79EFBC}") = "CharacterTemplate", "Examples\CharacterTemplate\CharacterTemplate.csproj", "{B307B220-FB5F-4A1D-9F09-18AD41180DE6}"
EndProject
Project("{FAE04EC0-301F-11D3-BF4B-00C04F79EFBC}") = "RasterGraphicsTemplate", "Examples\RasterGraphicsTemplate\RasterGraphicsTemplate.csproj", "{BE9CF6C6-2952-4B18-9B4B-54FD5A014AA2}"
EndProject
Project("{FAE04EC0-301F-11D3-BF4B-00C04F79EFBC}") = "RasterBlockSizeBenchmark", "Tests\RasterBlockSizeBenchmark\RasterBlockSizeBenchmark.csproj", "{510BC8FF-4336-4410-AF91-DAF0D070121A}"
EndProject
Project("{FAE04EC0-301F-11D3-BF4B-00C04F79EFBC}") = "RandomPlots", "Examples\Raster Graphics\RandomPlots\RandomPlots.csproj", "{835A3CE9-661C-4015-B4C5-9D86BA74822E}"
EndProject
Project("{FAE04EC0-301F-11D3-BF4B-00C04F79EFBC}") = "RandomLines", "Examples\Raster Graphics\RandomLines\RandomLines.csproj", "{5B349B89-E447-448D-B8B1-99A5BE74923B}"
EndProject
Project("{FAE04EC0-301F-11D3-BF4B-00C04F79EFBC}") = "MoireLines", "Examples\Raster Graphics\MoireLines\MoireLines.csproj", "{1F73522B-D212-4805-9563-01916EA58D82}"
EndProject
Project("{FAE04EC0-301F-11D3-BF4B-00C04F79EFBC}") = "ClipLines", "Examples\Raster Graphics\ClipLines\ClipLines.csproj", "{A5C98FBC-B30D-4B76-8C61-4DC4ACD61F22}"
EndProject
Project("{FAE04EC0-301F-11D3-BF4B-00C04F79EFBC}") = "RandomRectangles", "Examples\Raster Graphics\RandomRectangles\RandomRectangles.csproj", "{2C67B543-880A-481A-8FEF-15CBAF4B079E}"
EndProject
Project("{FAE04EC0-301F-11D3-BF4B-00C04F79EFBC}") = "RandomBoxes", "Examples\Raster Graphics\RandomBoxes\RandomBoxes.csproj", "{7B8D9CFB-A699-40E7-BF10-0ACDC9CA41ED}"
EndProject
Project("{FAE04EC0-301F-11D3-BF4B-00C04F79EFBC}") = "Gradients", "Examples\Raster Graphics\Gradients\Gradients.csproj", "{7A902518-2D0B-4CD3-81AD-C861F19BCE14}"
EndProject
Project("{FAE04EC0-301F-11D3-BF4B-00C04F79EFBC}") = "RandomEllipses", "Examples\Raster Graphics\RandomEllipses\RandomEllipses.csproj", "{FE677213-15C3-4DD8-92C0-6C57488A1427}"
EndProject
Project("{FAE04EC0-301F-11D3-BF4B-00C04F79EFBC}") = "RandomFilledEllipses", "Examples\Raster Graphics\RandomFilledEllipses\RandomFilledEllipses.csproj", "{E75E5AEE-BEAA-4EA7-837C-EF6EC9933B86}"
EndProject
Project("{FAE04EC0-301F-11D3-BF4B-00C04F79EFBC}") = "RandomRoundedRectangles", "Examples\Raster Graphics\RandomRoundedRectangles\RandomRoundedRectangles.csproj", "{56E93DA8-A13C-46E0-A953-11F3D4228054}"
EndProject
Project("{FAE04EC0-301F-11D3-BF4B-00C04F79EFBC}") = "RandomRoundedBoxes", "Examples\Raster Graphics\RandomRoundedBoxes\RandomRoundedBoxes.csproj", "{3728B777-10B3-40F0-AC44-8851886612E4}"
EndProject
Project("{2150E333-8FDC-42A3-9474-1A3956D46DE8}") = "Games", "Games", "{C04B2D9A-F768-4358-BEE9-F3369A902A5F}"
EndProject
Project("{FAE04EC0-301F-11D3-BF4B-00C04F79EFBC}") = "Asteroids", "Examples\Games\Asteroids\Asteroids.csproj", "{F61678A6-8822-46C7-878E-66390DD8B2C7}"
EndProject
Project("{FAE04EC0-301F-11D3-BF4B-00C04F79EFBC}") = "TextAdventure", "Examples\Games\TextAdventure\TextAdventure.csproj", "{60F9523B-1AD0-4FF6-A516-F7780C7C1823}"
EndProject
Project("{FAE04EC0-301F-11D3-BF4B-00C04F79EFBC}") = "TextAdventure2", "Examples\Games\TextAdventure2\TextAdventure2.csproj", "{0DD78BA2-F710-4E5A-AF6C-B3B9815B5008}"
EndProject
Project("{2150E333-8FDC-42A3-9474-1A3956D46DE8}") = "Sprites", "Sprites", "{93C0FB36-2554-45E0-B771-FF1A9D93557D}"
EndProject
Project("{FAE04EC0-301F-11D3-BF4B-00C04F79EFBC}") = "BouncingBalls", "Examples\Sprites\BouncingBalls\BouncingBalls.csproj", "{30F10CAA-0A8B-48B4-BF02-5C63688D619A}"
EndProject
Project("{FAE04EC0-301F-11D3-BF4B-00C04F79EFBC}") = "MousePointer", "Examples\Sprites\MousePointer\MousePointer.csproj", "{668E05ED-E7C3-4B49-BAAE-3F68B0F7B9CA}"
EndProject
Global
	GlobalSection(SolutionConfigurationPlatforms) = preSolution
		Debug|Any CPU = Debug|Any CPU
		Debug|Mixed Platforms = Debug|Mixed Platforms
		Debug|x86 = Debug|x86
		Release|Any CPU = Release|Any CPU
		Release|Mixed Platforms = Release|Mixed Platforms
		Release|x86 = Release|x86
	EndGlobalSection
	GlobalSection(ProjectConfigurationPlatforms) = postSolution
		{A50C100E-BA7B-40C8-A84E-EE399515EBBC}.Debug|Any CPU.ActiveCfg = Debug|Any CPU
		{A50C100E-BA7B-40C8-A84E-EE399515EBBC}.Debug|Any CPU.Build.0 = Debug|Any CPU
		{A50C100E-BA7B-40C8-A84E-EE399515EBBC}.Debug|Mixed Platforms.ActiveCfg = Debug|Any CPU
		{A50C100E-BA7B-40C8-A84E-EE399515EBBC}.Debug|Mixed Platforms.Build.0 = Debug|Any CPU
		{A50C100E-BA7B-40C8-A84E-EE399515EBBC}.Debug|x86.ActiveCfg = Debug|Any CPU
		{A50C100E-BA7B-40C8-A84E-EE399515EBBC}.Release|Any CPU.ActiveCfg = Release|Any CPU
		{A50C100E-BA7B-40C8-A84E-EE399515EBBC}.Release|Any CPU.Build.0 = Release|Any CPU
		{A50C100E-BA7B-40C8-A84E-EE399515EBBC}.Release|Mixed Platforms.ActiveCfg = Release|Any CPU
		{A50C100E-BA7B-40C8-A84E-EE399515EBBC}.Release|Mixed Platforms.Build.0 = Release|Any CPU
		{A50C100E-BA7B-40C8-A84E-EE399515EBBC}.Release|x86.ActiveCfg = Release|Any CPU
		{D6A7D60D-200D-4ED2-9919-280B0C5126EF}.Debug|Any CPU.ActiveCfg = Debug|x86
		{D6A7D60D-200D-4ED2-9919-280B0C5126EF}.Debug|Mixed Platforms.ActiveCfg = Debug|x86
		{D6A7D60D-200D-4ED2-9919-280B0C5126EF}.Debug|Mixed Platforms.Build.0 = Debug|x86
		{D6A7D60D-200D-4ED2-9919-280B0C5126EF}.Debug|x86.ActiveCfg = Debug|x86
		{D6A7D60D-200D-4ED2-9919-280B0C5126EF}.Debug|x86.Build.0 = Debug|x86
		{D6A7D60D-200D-4ED2-9919-280B0C5126EF}.Release|Any CPU.ActiveCfg = Release|x86
		{D6A7D60D-200D-4ED2-9919-280B0C5126EF}.Release|Mixed Platforms.ActiveCfg = Release|x86
		{D6A7D60D-200D-4ED2-9919-280B0C5126EF}.Release|Mixed Platforms.Build.0 = Release|x86
		{D6A7D60D-200D-4ED2-9919-280B0C5126EF}.Release|x86.ActiveCfg = Release|x86
		{D6A7D60D-200D-4ED2-9919-280B0C5126EF}.Release|x86.Build.0 = Release|x86
		{F932217B-C288-405F-B110-68B3B18224CB}.Debug|Any CPU.ActiveCfg = Debug|x86
		{F932217B-C288-405F-B110-68B3B18224CB}.Debug|Mixed Platforms.ActiveCfg = Debug|x86
		{F932217B-C288-405F-B110-68B3B18224CB}.Debug|Mixed Platforms.Build.0 = Debug|x86
		{F932217B-C288-405F-B110-68B3B18224CB}.Debug|x86.ActiveCfg = Debug|x86
		{F932217B-C288-405F-B110-68B3B18224CB}.Debug|x86.Build.0 = Debug|x86
		{F932217B-C288-405F-B110-68B3B18224CB}.Release|Any CPU.ActiveCfg = Release|x86
		{F932217B-C288-405F-B110-68B3B18224CB}.Release|Mixed Platforms.ActiveCfg = Release|x86
		{F932217B-C288-405F-B110-68B3B18224CB}.Release|Mixed Platforms.Build.0 = Release|x86
		{F932217B-C288-405F-B110-68B3B18224CB}.Release|x86.ActiveCfg = Release|x86
		{F932217B-C288-405F-B110-68B3B18224CB}.Release|x86.Build.0 = Release|x86
		{B14101CE-7AFB-4431-B69B-B724CAF1B0B8}.Debug|Any CPU.ActiveCfg = Debug|x86
		{B14101CE-7AFB-4431-B69B-B724CAF1B0B8}.Debug|Mixed Platforms.ActiveCfg = Debug|x86
		{B14101CE-7AFB-4431-B69B-B724CAF1B0B8}.Debug|Mixed Platforms.Build.0 = Debug|x86
		{B14101CE-7AFB-4431-B69B-B724CAF1B0B8}.Debug|x86.ActiveCfg = Debug|x86
		{B14101CE-7AFB-4431-B69B-B724CAF1B0B8}.Debug|x86.Build.0 = Debug|x86
		{B14101CE-7AFB-4431-B69B-B724CAF1B0B8}.Release|Any CPU.ActiveCfg = Release|x86
		{B14101CE-7AFB-4431-B69B-B724CAF1B0B8}.Release|Mixed Platforms.ActiveCfg = Release|x86
		{B14101CE-7AFB-4431-B69B-B724CAF1B0B8}.Release|Mixed Platforms.Build.0 = Release|x86
		{B14101CE-7AFB-4431-B69B-B724CAF1B0B8}.Release|x86.ActiveCfg = Release|x86
		{B14101CE-7AFB-4431-B69B-B724CAF1B0B8}.Release|x86.Build.0 = Release|x86
		{3115F933-A20F-4B78-A043-CCF7F5DA1D5E}.Debug|Any CPU.ActiveCfg = Debug|x86
		{3115F933-A20F-4B78-A043-CCF7F5DA1D5E}.Debug|Mixed Platforms.ActiveCfg = Debug|x86
		{3115F933-A20F-4B78-A043-CCF7F5DA1D5E}.Debug|Mixed Platforms.Build.0 = Debug|x86
		{3115F933-A20F-4B78-A043-CCF7F5DA1D5E}.Debug|x86.ActiveCfg = Debug|x86
		{3115F933-A20F-4B78-A043-CCF7F5DA1D5E}.Debug|x86.Build.0 = Debug|x86
		{3115F933-A20F-4B78-A043-CCF7F5DA1D5E}.Release|Any CPU.ActiveCfg = Release|x86
		{3115F933-A20F-4B78-A043-CCF7F5DA1D5E}.Release|Mixed Platforms.ActiveCfg = Release|x86
		{3115F933-A20F-4B78-A043-CCF7F5DA1D5E}.Release|Mixed Platforms.Build.0 = Release|x86
		{3115F933-A20F-4B78-A043-CCF7F5DA1D5E}.Release|x86.ActiveCfg = Release|x86
		{3115F933-A20F-4B78-A043-CCF7F5DA1D5E}.Release|x86.Build.0 = Release|x86
		{564316DC-1F41-43C3-BB83-6BB083C89812}.Debug|Any CPU.ActiveCfg = Debug|x86
		{564316DC-1F41-43C3-BB83-6BB083C89812}.Debug|Mixed Platforms.ActiveCfg = Debug|x86
		{564316DC-1F41-43C3-BB83-6BB083C89812}.Debug|Mixed Platforms.Build.0 = Debug|x86
		{564316DC-1F41-43C3-BB83-6BB083C89812}.Debug|x86.ActiveCfg = Debug|x86
		{564316DC-1F41-43C3-BB83-6BB083C89812}.Debug|x86.Build.0 = Debug|x86
		{564316DC-1F41-43C3-BB83-6BB083C89812}.Release|Any CPU.ActiveCfg = Release|x86
		{564316DC-1F41-43C3-BB83-6BB083C89812}.Release|Mixed Platforms.ActiveCfg = Release|x86
		{564316DC-1F41-43C3-BB83-6BB083C89812}.Release|Mixed Platforms.Build.0 = Release|x86
		{564316DC-1F41-43C3-BB83-6BB083C89812}.Release|x86.ActiveCfg = Release|x86
		{564316DC-1F41-43C3-BB83-6BB083C89812}.Release|x86.Build.0 = Release|x86
		{3B9EECF4-AB5B-4ED9-A843-ED4E18D39F5C}.Debug|Any CPU.ActiveCfg = Debug|x86
		{3B9EECF4-AB5B-4ED9-A843-ED4E18D39F5C}.Debug|Mixed Platforms.ActiveCfg = Debug|x86
		{3B9EECF4-AB5B-4ED9-A843-ED4E18D39F5C}.Debug|Mixed Platforms.Build.0 = Debug|x86
		{3B9EECF4-AB5B-4ED9-A843-ED4E18D39F5C}.Debug|x86.ActiveCfg = Debug|x86
		{3B9EECF4-AB5B-4ED9-A843-ED4E18D39F5C}.Debug|x86.Build.0 = Debug|x86
		{3B9EECF4-AB5B-4ED9-A843-ED4E18D39F5C}.Release|Any CPU.ActiveCfg = Release|x86
		{3B9EECF4-AB5B-4ED9-A843-ED4E18D39F5C}.Release|Mixed Platforms.ActiveCfg = Release|x86
		{3B9EECF4-AB5B-4ED9-A843-ED4E18D39F5C}.Release|Mixed Platforms.Build.0 = Release|x86
		{3B9EECF4-AB5B-4ED9-A843-ED4E18D39F5C}.Release|x86.ActiveCfg = Release|x86
		{3B9EECF4-AB5B-4ED9-A843-ED4E18D39F5C}.Release|x86.Build.0 = Release|x86
		{431C98F4-7994-4E5B-9F93-765D6695FDBB}.Debug|Any CPU.ActiveCfg = Debug|x86
		{431C98F4-7994-4E5B-9F93-765D6695FDBB}.Debug|Mixed Platforms.ActiveCfg = Debug|x86
		{431C98F4-7994-4E5B-9F93-765D6695FDBB}.Debug|Mixed Platforms.Build.0 = Debug|x86
		{431C98F4-7994-4E5B-9F93-765D6695FDBB}.Debug|x86.ActiveCfg = Debug|x86
		{431C98F4-7994-4E5B-9F93-765D6695FDBB}.Debug|x86.Build.0 = Debug|x86
		{431C98F4-7994-4E5B-9F93-765D6695FDBB}.Release|Any CPU.ActiveCfg = Release|x86
		{431C98F4-7994-4E5B-9F93-765D6695FDBB}.Release|Mixed Platforms.ActiveCfg = Release|x86
		{431C98F4-7994-4E5B-9F93-765D6695FDBB}.Release|Mixed Platforms.Build.0 = Release|x86
		{431C98F4-7994-4E5B-9F93-765D6695FDBB}.Release|x86.ActiveCfg = Release|x86
		{431C98F4-7994-4E5B-9F93-765D6695FDBB}.Release|x86.Build.0 = Release|x86
		{ABB8068B-C289-4DCE-B301-F91ECF1A833A}.Debug|Any CPU.ActiveCfg = Debug|x86
		{ABB8068B-C289-4DCE-B301-F91ECF1A833A}.Debug|Mixed Platforms.ActiveCfg = Debug|x86
		{ABB8068B-C289-4DCE-B301-F91ECF1A833A}.Debug|Mixed Platforms.Build.0 = Debug|x86
		{ABB8068B-C289-4DCE-B301-F91ECF1A833A}.Debug|x86.ActiveCfg = Debug|x86
		{ABB8068B-C289-4DCE-B301-F91ECF1A833A}.Debug|x86.Build.0 = Debug|x86
		{ABB8068B-C289-4DCE-B301-F91ECF1A833A}.Release|Any CPU.ActiveCfg = Release|x86
		{ABB8068B-C289-4DCE-B301-F91ECF1A833A}.Release|Mixed Platforms.ActiveCfg = Release|x86
		{ABB8068B-C289-4DCE-B301-F91ECF1A833A}.Release|Mixed Platforms.Build.0 = Release|x86
		{ABB8068B-C289-4DCE-B301-F91ECF1A833A}.Release|x86.ActiveCfg = Release|x86
		{ABB8068B-C289-4DCE-B301-F91ECF1A833A}.Release|x86.Build.0 = Release|x86
		{F770B31B-B0EB-4E70-9D7D-33E6D78C5BD8}.Debug|Any CPU.ActiveCfg = Debug|x86
		{F770B31B-B0EB-4E70-9D7D-33E6D78C5BD8}.Debug|Mixed Platforms.ActiveCfg = Debug|x86
		{F770B31B-B0EB-4E70-9D7D-33E6D78C5BD8}.Debug|Mixed Platforms.Build.0 = Debug|x86
		{F770B31B-B0EB-4E70-9D7D-33E6D78C5BD8}.Debug|x86.ActiveCfg = Debug|x86
		{F770B31B-B0EB-4E70-9D7D-33E6D78C5BD8}.Debug|x86.Build.0 = Debug|x86
		{F770B31B-B0EB-4E70-9D7D-33E6D78C5BD8}.Release|Any CPU.ActiveCfg = Release|x86
		{F770B31B-B0EB-4E70-9D7D-33E6D78C5BD8}.Release|Mixed Platforms.ActiveCfg = Release|x86
		{F770B31B-B0EB-4E70-9D7D-33E6D78C5BD8}.Release|Mixed Platforms.Build.0 = Release|x86
		{F770B31B-B0EB-4E70-9D7D-33E6D78C5BD8}.Release|x86.ActiveCfg = Release|x86
		{F770B31B-B0EB-4E70-9D7D-33E6D78C5BD8}.Release|x86.Build.0 = Release|x86
		{71FEC95A-A400-461F-A371-081F64E1A85D}.Debug|Any CPU.ActiveCfg = Debug|x86
		{71FEC95A-A400-461F-A371-081F64E1A85D}.Debug|Mixed Platforms.ActiveCfg = Debug|x86
		{71FEC95A-A400-461F-A371-081F64E1A85D}.Debug|Mixed Platforms.Build.0 = Debug|x86
		{71FEC95A-A400-461F-A371-081F64E1A85D}.Debug|x86.ActiveCfg = Debug|x86
		{71FEC95A-A400-461F-A371-081F64E1A85D}.Debug|x86.Build.0 = Debug|x86
		{71FEC95A-A400-461F-A371-081F64E1A85D}.Release|Any CPU.ActiveCfg = Release|x86
		{71FEC95A-A400-461F-A371-081F64E1A85D}.Release|Mixed Platforms.ActiveCfg = Release|x86
		{71FEC95A-A400-461F-A371-081F64E1A85D}.Release|Mixed Platforms.Build.0 = Release|x86
		{71FEC95A-A400-461F-A371-081F64E1A85D}.Release|x86.ActiveCfg = Release|x86
		{71FEC95A-A400-461F-A371-081F64E1A85D}.Release|x86.Build.0 = Release|x86
		{B307B220-FB5F-4A1D-9F09-18AD41180DE6}.Debug|Any CPU.ActiveCfg = Debug|x86
		{B307B220-FB5F-4A1D-9F09-18AD41180DE6}.Debug|Mixed Platforms.ActiveCfg = Debug|x86
		{B307B220-FB5F-4A1D-9F09-18AD41180DE6}.Debug|Mixed Platforms.Build.0 = Debug|x86
		{B307B220-FB5F-4A1D-9F09-18AD41180DE6}.Debug|x86.ActiveCfg = Debug|x86
		{B307B220-FB5F-4A1D-9F09-18AD41180DE6}.Debug|x86.Build.0 = Debug|x86
		{B307B220-FB5F-4A1D-9F09-18AD41180DE6}.Release|Any CPU.ActiveCfg = Release|x86
		{B307B220-FB5F-4A1D-9F09-18AD41180DE6}.Release|Mixed Platforms.ActiveCfg = Release|x86
		{B307B220-FB5F-4A1D-9F09-18AD41180DE6}.Release|Mixed Platforms.Build.0 = Release|x86
		{B307B220-FB5F-4A1D-9F09-18AD41180DE6}.Release|x86.ActiveCfg = Release|x86
		{B307B220-FB5F-4A1D-9F09-18AD41180DE6}.Release|x86.Build.0 = Release|x86
		{BE9CF6C6-2952-4B18-9B4B-54FD5A014AA2}.Debug|Any CPU.ActiveCfg = Debug|x86
		{BE9CF6C6-2952-4B18-9B4B-54FD5A014AA2}.Debug|Mixed Platforms.ActiveCfg = Debug|x86
		{BE9CF6C6-2952-4B18-9B4B-54FD5A014AA2}.Debug|Mixed Platforms.Build.0 = Debug|x86
		{BE9CF6C6-2952-4B18-9B4B-54FD5A014AA2}.Debug|x86.ActiveCfg = Debug|x86
		{BE9CF6C6-2952-4B18-9B4B-54FD5A014AA2}.Debug|x86.Build.0 = Debug|x86
		{BE9CF6C6-2952-4B18-9B4B-54FD5A014AA2}.Release|Any CPU.ActiveCfg = Release|x86
		{BE9CF6C6-2952-4B18-9B4B-54FD5A014AA2}.Release|Mixed Platforms.ActiveCfg = Release|x86
		{BE9CF6C6-2952-4B18-9B4B-54FD5A014AA2}.Release|Mixed Platforms.Build.0 = Release|x86
		{BE9CF6C6-2952-4B18-9B4B-54FD5A014AA2}.Release|x86.ActiveCfg = Release|x86
		{BE9CF6C6-2952-4B18-9B4B-54FD5A014AA2}.Release|x86.Build.0 = Release|x86
		{510BC8FF-4336-4410-AF91-DAF0D070121A}.Debug|Any CPU.ActiveCfg = Debug|x86
		{510BC8FF-4336-4410-AF91-DAF0D070121A}.Debug|Mixed Platforms.ActiveCfg = Debug|x86
		{510BC8FF-4336-4410-AF91-DAF0D070121A}.Debug|Mixed Platforms.Build.0 = Debug|x86
		{510BC8FF-4336-4410-AF91-DAF0D070121A}.Debug|x86.ActiveCfg = Debug|x86
		{510BC8FF-4336-4410-AF91-DAF0D070121A}.Debug|x86.Build.0 = Debug|x86
		{510BC8FF-4336-4410-AF91-DAF0D070121A}.Release|Any CPU.ActiveCfg = Release|x86
		{510BC8FF-4336-4410-AF91-DAF0D070121A}.Release|Mixed Platforms.ActiveCfg = Release|x86
		{510BC8FF-4336-4410-AF91-DAF0D070121A}.Release|Mixed Platforms.Build.0 = Release|x86
		{510BC8FF-4336-4410-AF91-DAF0D070121A}.Release|x86.ActiveCfg = Release|x86
		{510BC8FF-4336-4410-AF91-DAF0D070121A}.Release|x86.Build.0 = Release|x86
		{835A3CE9-661C-4015-B4C5-9D86BA74822E}.Debug|Any CPU.ActiveCfg = Debug|x86
		{835A3CE9-661C-4015-B4C5-9D86BA74822E}.Debug|Mixed Platforms.ActiveCfg = Debug|x86
		{835A3CE9-661C-4015-B4C5-9D86BA74822E}.Debug|Mixed Platforms.Build.0 = Debug|x86
		{835A3CE9-661C-4015-B4C5-9D86BA74822E}.Debug|x86.ActiveCfg = Debug|x86
		{835A3CE9-661C-4015-B4C5-9D86BA74822E}.Debug|x86.Build.0 = Debug|x86
		{835A3CE9-661C-4015-B4C5-9D86BA74822E}.Release|Any CPU.ActiveCfg = Release|x86
		{835A3CE9-661C-4015-B4C5-9D86BA74822E}.Release|Mixed Platforms.ActiveCfg = Release|x86
		{835A3CE9-661C-4015-B4C5-9D86BA74822E}.Release|Mixed Platforms.Build.0 = Release|x86
		{835A3CE9-661C-4015-B4C5-9D86BA74822E}.Release|x86.ActiveCfg = Release|x86
		{835A3CE9-661C-4015-B4C5-9D86BA74822E}.Release|x86.Build.0 = Release|x86
		{5B349B89-E447-448D-B8B1-99A5BE74923B}.Debug|Any CPU.ActiveCfg = Debug|x86
		{5B349B89-E447-448D-B8B1-99A5BE74923B}.Debug|Mixed Platforms.ActiveCfg = Debug|x86
		{5B349B89-E447-448D-B8B1-99A5BE74923B}.Debug|Mixed Platforms.Build.0 = Debug|x86
		{5B349B89-E447-448D-B8B1-99A5BE74923B}.Debug|x86.ActiveCfg = Debug|x86
		{5B349B89-E447-448D-B8B1-99A5BE74923B}.Debug|x86.Build.0 = Debug|x86
		{5B349B89-E447-448D-B8B1-99A5BE74923B}.Release|Any CPU.ActiveCfg = Release|x86
		{5B349B89-E447-448D-B8B1-99A5BE74923B}.Release|Mixed Platforms.ActiveCfg = Release|x86
		{5B349B89-E447-448D-B8B1-99A5BE74923B}.Release|Mixed Platforms.Build.0 = Release|x86
		{5B349B89-E447-448D-B8B1-99A5BE74923B}.Release|x86.ActiveCfg = Release|x86
		{5B349B89-E447-448D-B8B1-99A5BE74923B}.Release|x86.Build.0 = Release|x86
		{1F73522B-D212-4805-9563-01916EA58D82}.Debug|Any CPU.ActiveCfg = Debug|x86
		{1F73522B-D212-4805-9563-01916EA58D82}.Debug|Mixed Platforms.ActiveCfg = Debug|x86
		{1F73522B-D212-4805-9563-01916EA58D82}.Debug|Mixed Platforms.Build.0 = Debug|x86
		{1F73522B-D212-4805-9563-01916EA58D82}.Debug|x86.ActiveCfg = Debug|x86
		{1F73522B-D212-4805-9563-01916EA58D82}.Debug|x86.Build.0 = Debug|x86
		{1F73522B-D212-4805-9563-01916EA58D82}.Release|Any CPU.ActiveCfg = Release|x86
		{1F73522B-D212-4805-9563-01916EA58D82}.Release|Mixed Platforms.ActiveCfg = Release|x86
		{1F73522B-D212-4805-9563-01916EA58D82}.Release|Mixed Platforms.Build.0 = Release|x86
		{1F73522B-D212-4805-9563-01916EA58D82}.Release|x86.ActiveCfg = Release|x86
		{1F73522B-D212-4805-9563-01916EA58D82}.Release|x86.Build.0 = Release|x86
		{A5C98FBC-B30D-4B76-8C61-4DC4ACD61F22}.Debug|Any CPU.ActiveCfg = Debug|x86
		{A5C98FBC-B30D-4B76-8C61-4DC4ACD61F22}.Debug|Mixed Platforms.ActiveCfg = Debug|x86
		{A5C98FBC-B30D-4B76-8C61-4DC4ACD61F22}.Debug|Mixed Platforms.Build.0 = Debug|x86
		{A5C98FBC-B30D-4B76-8C61-4DC4ACD61F22}.Debug|x86.ActiveCfg = Debug|x86
		{A5C98FBC-B30D-4B76-8C61-4DC4ACD61F22}.Debug|x86.Build.0 = Debug|x86
		{A5C98FBC-B30D-4B76-8C61-4DC4ACD61F22}.Release|Any CPU.ActiveCfg = Release|x86
		{A5C98FBC-B30D-4B76-8C61-4DC4ACD61F22}.Release|Mixed Platforms.ActiveCfg = Release|x86
		{A5C98FBC-B30D-4B76-8C61-4DC4ACD61F22}.Release|Mixed Platforms.Build.0 = Release|x86
		{A5C98FBC-B30D-4B76-8C61-4DC4ACD61F22}.Release|x86.ActiveCfg = Release|x86
		{A5C98FBC-B30D-4B76-8C61-4DC4ACD61F22}.Release|x86.Build.0 = Release|x86
		{2C67B543-880A-481A-8FEF-15CBAF4B079E}.Debug|Any CPU.ActiveCfg = Debug|x86
		{2C67B543-880A-481A-8FEF-15CBAF4B079E}.Debug|Mixed Platforms.ActiveCfg = Debug|x86
		{2C67B543-880A-481A-8FEF-15CBAF4B079E}.Debug|Mixed Platforms.Build.0 = Debug|x86
		{2C67B543-880A-481A-8FEF-15CBAF4B079E}.Debug|x86.ActiveCfg = Debug|x86
		{2C67B543-880A-481A-8FEF-15CBAF4B079E}.Debug|x86.Build.0 = Debug|x86
		{2C67B543-880A-481A-8FEF-15CBAF4B079E}.Release|Any CPU.ActiveCfg = Release|x86
		{2C67B543-880A-481A-8FEF-15CBAF4B079E}.Release|Mixed Platforms.ActiveCfg = Release|x86
		{2C67B543-880A-481A-8FEF-15CBAF4B079E}.Release|Mixed Platforms.Build.0 = Release|x86
		{2C67B543-880A-481A-8FEF-15CBAF4B079E}.Release|x86.ActiveCfg = Release|x86
		{2C67B543-880A-481A-8FEF-15CBAF4B079E}.Release|x86.Build.0 = Release|x86
		{7B8D9CFB-A699-40E7-BF10-0ACDC9CA41ED}.Debug|Any CPU.ActiveCfg = Debug|x86
		{7B8D9CFB-A699-40E7-BF10-0ACDC9CA41ED}.Debug|Mixed Platforms.ActiveCfg = Debug|x86
		{7B8D9CFB-A699-40E7-BF10-0ACDC9CA41ED}.Debug|Mixed Platforms.Build.0 = Debug|x86
		{7B8D9CFB-A699-40E7-BF10-0ACDC9CA41ED}.Debug|x86.ActiveCfg = Debug|x86
		{7B8D9CFB-A699-40E7-BF10-0ACDC9CA41ED}.Debug|x86.Build.0 = Debug|x86
		{7B8D9CFB-A699-40E7-BF10-0ACDC9CA41ED}.Release|Any CPU.ActiveCfg = Release|x86
		{7B8D9CFB-A699-40E7-BF10-0ACDC9CA41ED}.Release|Mixed Platforms.ActiveCfg = Release|x86
		{7B8D9CFB-A699-40E7-BF10-0ACDC9CA41ED}.Release|Mixed Platforms.Build.0 = Release|x86
		{7B8D9CFB-A699-40E7-BF10-0ACDC9CA41ED}.Release|x86.ActiveCfg = Release|x86
		{7B8D9CFB-A699-40E7-BF10-0ACDC9CA41ED}.Release|x86.Build.0 = Release|x86
		{7A902518-2D0B-4CD3-81AD-C861F19BCE14}.Debug|Any CPU.ActiveCfg = Debug|x86
		{7A902518-2D0B-4CD3-81AD-C861F19BCE14}.Debug|Mixed Platforms.ActiveCfg = Debug|x86
		{7A902518-2D0B-4CD3-81AD-C861F19BCE14}.Debug|Mixed Platforms.Build.0 = Debug|x86
		{7A902518-2D0B-4CD3-81AD-C861F19BCE14}.Debug|x86.ActiveCfg = Debug|x86
		{7A902518-2D0B-4CD3-81AD-C861F19BCE14}.Debug|x86.Build.0 = Debug|x86
		{7A902518-2D0B-4CD3-81AD-C861F19BCE14}.Release|Any CPU.ActiveCfg = Release|x86
		{7A902518-2D0B-4CD3-81AD-C861F19BCE14}.Release|Mixed Platforms.ActiveCfg = Release|x86
		{7A902518-2D0B-4CD3-81AD-C861F19BCE14}.Release|Mixed Platforms.Build.0 = Release|x86
		{7A902518-2D0B-4CD3-81AD-C861F19BCE14}.Release|x86.ActiveCfg = Release|x86
		{7A902518-2D0B-4CD3-81AD-C861F19BCE14}.Release|x86.Build.0 = Release|x86
		{FE677213-15C3-4DD8-92C0-6C57488A1427}.Debug|Any CPU.ActiveCfg = Debug|x86
		{FE677213-15C3-4DD8-92C0-6C57488A1427}.Debug|Mixed Platforms.ActiveCfg = Debug|x86
		{FE677213-15C3-4DD8-92C0-6C57488A1427}.Debug|Mixed Platforms.Build.0 = Debug|x86
		{FE677213-15C3-4DD8-92C0-6C57488A1427}.Debug|x86.ActiveCfg = Debug|x86
		{FE677213-15C3-4DD8-92C0-6C57488A1427}.Debug|x86.Build.0 = Debug|x86
		{FE677213-15C3-4DD8-92C0-6C57488A1427}.Release|Any CPU.ActiveCfg = Release|x86
		{FE677213-15C3-4DD8-92C0-6C57488A1427}.Release|Mixed Platforms.ActiveCfg = Release|x86
		{FE677213-15C3-4DD8-92C0-6C57488A1427}.Release|Mixed Platforms.Build.0 = Release|x86
		{FE677213-15C3-4DD8-92C0-6C57488A1427}.Release|x86.ActiveCfg = Release|x86
		{FE677213-15C3-4DD8-92C0-6C57488A1427}.Release|x86.Build.0 = Release|x86
		{E75E5AEE-BEAA-4EA7-837C-EF6EC9933B86}.Debug|Any CPU.ActiveCfg = Debug|x86
		{E75E5AEE-BEAA-4EA7-837C-EF6EC9933B86}.Debug|Mixed Platforms.ActiveCfg = Debug|x86
		{E75E5AEE-BEAA-4EA7-837C-EF6EC9933B86}.Debug|Mixed Platforms.Build.0 = Debug|x86
		{E75E5AEE-BEAA-4EA7-837C-EF6EC9933B86}.Debug|x86.ActiveCfg = Debug|x86
		{E75E5AEE-BEAA-4EA7-837C-EF6EC9933B86}.Debug|x86.Build.0 = Debug|x86
		{E75E5AEE-BEAA-4EA7-837C-EF6EC9933B86}.Release|Any CPU.ActiveCfg = Release|x86
		{E75E5AEE-BEAA-4EA7-837C-EF6EC9933B86}.Release|Mixed Platforms.ActiveCfg = Release|x86
		{E75E5AEE-BEAA-4EA7-837C-EF6EC9933B86}.Release|Mixed Platforms.Build.0 = Release|x86
		{E75E5AEE-BEAA-4EA7-837C-EF6EC9933B86}.Release|x86.ActiveCfg = Release|x86
		{E75E5AEE-BEAA-4EA7-837C-EF6EC9933B86}.Release|x86.Build.0 = Release|x86
		{56E93DA8-A13C-46E0-A953-11F3D4228054}.Debug|Any CPU.ActiveCfg = Debug|x86
		{56E93DA8-A13C-46E0-A953-11F3D4228054}.Debug|Mixed Platforms.ActiveCfg = Debug|x86
		{56E93DA8-A13C-46E0-A953-11F3D4228054}.Debug|Mixed Platforms.Build.0 = Debug|x86
		{56E93DA8-A13C-46E0-A953-11F3D4228054}.Debug|x86.ActiveCfg = Debug|x86
		{56E93DA8-A13C-46E0-A953-11F3D4228054}.Debug|x86.Build.0 = Debug|x86
		{56E93DA8-A13C-46E0-A953-11F3D4228054}.Release|Any CPU.ActiveCfg = Release|x86
		{56E93DA8-A13C-46E0-A953-11F3D4228054}.Release|Mixed Platforms.ActiveCfg = Release|x86
		{56E93DA8-A13C-46E0-A953-11F3D4228054}.Release|Mixed Platforms.Build.0 = Release|x86
		{56E93DA8-A13C-46E0-A953-11F3D4228054}.Release|x86.ActiveCfg = Release|x86
		{56E93DA8-A13C-46E0-A953-11F3D4228054}.Release|x86.Build.0 = Release|x86
		{3728B777-10B3-40F0-AC44-8851886612E4}.Debug|Any CPU.ActiveCfg = Debug|x86
		{3728B777-10B3-40F0-AC44-8851886612E4}.Debug|Mixed Platforms.ActiveCfg = Debug|x86
		{3728B777-10B3-40F0-AC44-8851886612E4}.Debug|Mixed Platforms.Build.0 = Debug|x86
		{3728B777-10B3-40F0-AC44-8851886612E4}.Debug|x86.ActiveCfg = Debug|x86
		{3728B777-10B3-40F0-AC44-8851886612E4}.Debug|x86.Build.0 = Debug|x86
		{3728B777-10B3-40F0-AC44-8851886612E4}.Release|Any CPU.ActiveCfg = Release|x86
		{3728B777-10B3-40F0-AC44-8851886612E4}.Release|Mixed Platforms.ActiveCfg = Release|x86
		{3728B777-10B3-40F0-AC44-8851886612E4}.Release|Mixed Platforms.Build.0 = Release|x86
		{3728B777-10B3-40F0-AC44-8851886612E4}.Release|x86.ActiveCfg = Release|x86
		{3728B777-10B3-40F0-AC44-8851886612E4}.Release|x86.Build.0 = Release|x86
		{F61678A6-8822-46C7-878E-66390DD8B2C7}.Debug|Any CPU.ActiveCfg = Debug|x86
		{F61678A6-8822-46C7-878E-66390DD8B2C7}.Debug|Mixed Platforms.ActiveCfg = Debug|x86
		{F61678A6-8822-46C7-878E-66390DD8B2C7}.Debug|Mixed Platforms.Build.0 = Debug|x86
		{F61678A6-8822-46C7-878E-66390DD8B2C7}.Debug|x86.ActiveCfg = Debug|x86
		{F61678A6-8822-46C7-878E-66390DD8B2C7}.Debug|x86.Build.0 = Debug|x86
		{F61678A6-8822-46C7-878E-66390DD8B2C7}.Release|Any CPU.ActiveCfg = Release|x86
		{F61678A6-8822-46C7-878E-66390DD8B2C7}.Release|Mixed Platforms.ActiveCfg = Release|x86
		{F61678A6-8822-46C7-878E-66390DD8B2C7}.Release|Mixed Platforms.Build.0 = Release|x86
		{F61678A6-8822-46C7-878E-66390DD8B2C7}.Release|x86.ActiveCfg = Release|x86
		{F61678A6-8822-46C7-878E-66390DD8B2C7}.Release|x86.Build.0 = Release|x86
		{60F9523B-1AD0-4FF6-A516-F7780C7C1823}.Debug|Any CPU.ActiveCfg = Debug|x86
		{60F9523B-1AD0-4FF6-A516-F7780C7C1823}.Debug|Mixed Platforms.ActiveCfg = Debug|x86
		{60F9523B-1AD0-4FF6-A516-F7780C7C1823}.Debug|Mixed Platforms.Build.0 = Debug|x86
		{60F9523B-1AD0-4FF6-A516-F7780C7C1823}.Debug|x86.ActiveCfg = Debug|x86
		{60F9523B-1AD0-4FF6-A516-F7780C7C1823}.Debug|x86.Build.0 = Debug|x86
		{60F9523B-1AD0-4FF6-A516-F7780C7C1823}.Release|Any CPU.ActiveCfg = Release|x86
		{60F9523B-1AD0-4FF6-A516-F7780C7C1823}.Release|Mixed Platforms.ActiveCfg = Release|x86
		{60F9523B-1AD0-4FF6-A516-F7780C7C1823}.Release|Mixed Platforms.Build.0 = Release|x86
		{60F9523B-1AD0-4FF6-A516-F7780C7C1823}.Release|x86.ActiveCfg = Release|x86
		{60F9523B-1AD0-4FF6-A516-F7780C7C1823}.Release|x86.Build.0 = Release|x86
		{0DD78BA2-F710-4E5A-AF6C-B3B9815B5008}.Debug|Any CPU.ActiveCfg = Debug|x86
		{0DD78BA2-F710-4E5A-AF6C-B3B9815B5008}.Debug|Mixed Platforms.ActiveCfg = Debug|x86
		{0DD78BA2-F710-4E5A-AF6C-B3B9815B5008}.Debug|Mixed Platforms.Build.0 = Debug|x86
		{0DD78BA2-F710-4E5A-AF6C-B3B9815B5008}.Debug|x86.ActiveCfg = Debug|x86
		{0DD78BA2-F710-4E5A-AF6C-B3B9815B5008}.Debug|x86.Build.0 = Debug|x86
		{0DD78BA2-F710-4E5A-AF6C-B3B9815B5008}.Release|Any CPU.ActiveCfg = Release|x86
		{0DD78BA2-F710-4E5A-AF6C-B3B9815B5008}.Release|Mixed Platforms.ActiveCfg = Release|x86
		{0DD78BA2-F710-4E5A-AF6C-B3B9815B5008}.Release|Mixed Platforms.Build.0 = Release|x86
		{0DD78BA2-F710-4E5A-AF6C-B3B9815B5008}.Release|x86.ActiveCfg = Release|x86
		{0DD78BA2-F710-4E5A-AF6C-B3B9815B5008}.Release|x86.Build.0 = Release|x86
		{30F10CAA-0A8B-48B4-BF02-5C63688D619A}.Debug|Any CPU.ActiveCfg = Debug|x86
		{30F10CAA-0A8B-48B4-BF02-5C63688D619A}.Debug|Mixed Platforms.ActiveCfg = Debug|x86
		{30F10CAA-0A8B-48B4-BF02-5C63688D619A}.Debug|Mixed Platforms.Build.0 = Debug|x86
		{30F10CAA-0A8B-48B4-BF02-5C63688D619A}.Debug|x86.ActiveCfg = Debug|x86
		{30F10CAA-0A8B-48B4-BF02-5C63688D619A}.Debug|x86.Build.0 = Debug|x86
		{30F10CAA-0A8B-48B4-BF02-5C63688D619A}.Release|Any CPU.ActiveCfg = Release|x86
		{30F10CAA-0A8B-48B4-BF02-5C63688D619A}.Release|Mixed Platforms.ActiveCfg = Release|x86
		{30F10CAA-0A8B-48B4-BF02-5C63688D619A}.Release|Mixed Platforms.Build.0 = Release|x86
		{30F10CAA-0A8B-48B4-BF02-5C63688D619A}.Release|x86.ActiveCfg = Release|x86
		{30F10CAA-0A8B-48B4-BF02-5C63688D619A}.Release|x86.Build.0 = Release|x86
		{668E05ED-E7C3-4B49-BAAE-3F68B0F7B9CA}.Debug|Any CPU.ActiveCfg = Debug|x86
		{668E05ED-E7C3-4B49-BAAE-3F68B0F7B9CA}.Debug|Mixed Platforms.ActiveCfg = Debug|x86
		{668E05ED-E7C3-4B49-BAAE-3F68B0F7B9CA}.Debug|Mixed Platforms.Build.0 = Debug|x86
		{668E05ED-E7C3-4B49-BAAE-3F68B0F7B9CA}.Debug|x86.ActiveCfg = Debug|x86
		{668E05ED-E7C3-4B49-BAAE-3F68B0F7B9CA}.Debug|x86.Build.0 = Debug|x86
		{668E05ED-E7C3-4B49-BAAE-3F68B0F7B9CA}.Release|Any CPU.ActiveCfg = Release|x86
		{668E05ED-E7C3-4B49-BAAE-3F68B0F7B9CA}.Release|Mixed Platforms.ActiveCfg = Release|x86
		{668E05ED-E7C3-4B49-BAAE-3F68B0F7B9CA}.Release|Mixed Platforms.Build.0 = Release|x86
		{668E05ED-E7C3-4B49-BAAE-3F68B0F7B9CA}.Release|x86.ActiveCfg = Release|x86
		{668E05ED-E7C3-4B49-BAAE-3F68B0F7B9CA}.Release|x86.Build.0 = Release|x86
	EndGlobalSection
	GlobalSection(SolutionProperties) = preSolution
		HideSolutionNode = FALSE
	EndGlobalSection
	GlobalSection(NestedProjects) = preSolution
		{26085E3B-2D0B-4F16-8E4C-B012BFE3FCA7} = {EA61755C-D301-4C59-B175-1B989CD55F00}
		{17792373-7BC5-49D8-9C3B-01E1CD14B344} = {EA61755C-D301-4C59-B175-1B989CD55F00}
		{74E86C34-4EE3-4FF7-9CDE-991EE1AB07F0} = {EA61755C-D301-4C59-B175-1B989CD55F00}
		{D218A746-9976-40F2-86FD-B88E1E358A70} = {EA61755C-D301-4C59-B175-1B989CD55F00}
		{5171F913-B399-4F7E-91D0-57A993E00C3E} = {EA61755C-D301-4C59-B175-1B989CD55F00}
		{582994ED-E6DC-4B15-9F31-6432B6E38338} = {EA61755C-D301-4C59-B175-1B989CD55F00}
		{453A8D30-1233-4E5D-8D01-715FD29CBE1E} = {EA61755C-D301-4C59-B175-1B989CD55F00}
		{8BDA86EA-9A15-4A5C-8411-8344F53A372D} = {EA61755C-D301-4C59-B175-1B989CD55F00}
		{B063FBC2-0E62-440A-9DEE-9624C0C93AD5} = {EA61755C-D301-4C59-B175-1B989CD55F00}
		{A00B2835-69BC-485F-B0EA-8177884866AF} = {EA61755C-D301-4C59-B175-1B989CD55F00}
		{B307B220-FB5F-4A1D-9F09-18AD41180DE6} = {EA61755C-D301-4C59-B175-1B989CD55F00}
		{BE9CF6C6-2952-4B18-9B4B-54FD5A014AA2} = {EA61755C-D301-4C59-B175-1B989CD55F00}
		{C04B2D9A-F768-4358-BEE9-F3369A902A5F} = {EA61755C-D301-4C59-B175-1B989CD55F00}
		{93C0FB36-2554-45E0-B771-FF1A9D93557D} = {EA61755C-D301-4C59-B175-1B989CD55F00}
		{D6A7D60D-200D-4ED2-9919-280B0C5126EF} = {17C54495-0E7A-4025-8AB5-FF4B321935A2}
		{510BC8FF-4336-4410-AF91-DAF0D070121A} = {17C54495-0E7A-4025-8AB5-FF4B321935A2}
		{B14101CE-7AFB-4431-B69B-B724CAF1B0B8} = {26085E3B-2D0B-4F16-8E4C-B012BFE3FCA7}
		{F932217B-C288-405F-B110-68B3B18224CB} = {26085E3B-2D0B-4F16-8E4C-B012BFE3FCA7}
		{564316DC-1F41-43C3-BB83-6BB083C89812} = {17792373-7BC5-49D8-9C3B-01E1CD14B344}
		{3B9EECF4-AB5B-4ED9-A843-ED4E18D39F5C} = {17792373-7BC5-49D8-9C3B-01E1CD14B344}
		{431C98F4-7994-4E5B-9F93-765D6695FDBB} = {17792373-7BC5-49D8-9C3B-01E1CD14B344}
		{ABB8068B-C289-4DCE-B301-F91ECF1A833A} = {17792373-7BC5-49D8-9C3B-01E1CD14B344}
		{3115F933-A20F-4B78-A043-CCF7F5DA1D5E} = {17792373-7BC5-49D8-9C3B-01E1CD14B344}
		{71FEC95A-A400-461F-A371-081F64E1A85D} = {17792373-7BC5-49D8-9C3B-01E1CD14B344}
		{835A3CE9-661C-4015-B4C5-9D86BA74822E} = {74E86C34-4EE3-4FF7-9CDE-991EE1AB07F0}
		{5B349B89-E447-448D-B8B1-99A5BE74923B} = {74E86C34-4EE3-4FF7-9CDE-991EE1AB07F0}
		{1F73522B-D212-4805-9563-01916EA58D82} = {74E86C34-4EE3-4FF7-9CDE-991EE1AB07F0}
		{A5C98FBC-B30D-4B76-8C61-4DC4ACD61F22} = {74E86C34-4EE3-4FF7-9CDE-991EE1AB07F0}
		{2C67B543-880A-481A-8FEF-15CBAF4B079E} = {74E86C34-4EE3-4FF7-9CDE-991EE1AB07F0}
		{7B8D9CFB-A699-40E7-BF10-0ACDC9CA41ED} = {74E86C34-4EE3-4FF7-9CDE-991EE1AB07F0}
		{7A902518-2D0B-4CD3-81AD-C861F19BCE14} = {74E86C34-4EE3-4FF7-9CDE-991EE1AB07F0}
		{FE677213-15C3-4DD8-92C0-6C57488A1427} = {74E86C34-4EE3-4FF7-9CDE-991EE1AB07F0}
		{E75E5AEE-BEAA-4EA7-837C-EF6EC9933B86} = {74E86C34-4EE3-4FF7-9CDE-991EE1AB07F0}
		{56E93DA8-A13C-46E0-A953-11F3D4228054} = {74E86C34-4EE3-4FF7-9CDE-991EE1AB07F0}
		{3728B777-10B3-40F0-AC44-8851886612E4} = {74E86C34-4EE3-4FF7-9CDE-991EE1AB07F0}
		{F770B31B-B0EB-4E70-9D7D-33E6D78C5BD8} = {A00B2835-69BC-485F-B0EA-8177884866AF}
		{F61678A6-8822-46C7-878E-66390DD8B2C7} = {C04B2D9A-F768-4358-BEE9-F3369A902A5F}
		{60F9523B-1AD0-4FF6-A516-F7780C7C1823} = {C04B2D9A-F768-4358-BEE9-F3369A902A5F}
		{0DD78BA2-F710-4E5A-AF6C-B3B9815B5008} = {C04B2D9A-F768-4358-BEE9-F3369A902A5F}
		{30F10CAA-0A8B-48B4-BF02-5C63688D619A} = {93C0FB36-2554-45E0-B771-FF1A9D93557D}
		{668E05ED-E7C3-4B49-BAAE-3F68B0F7B9CA} = {93C0FB36-2554-45E0-B771-FF1A9D93557D}
	EndGlobalSection
EndGlobal
